{
  "requires": true,
  "lockfileVersion": 1,
  "dependencies": {
    "@sparkdesignsystem/spark-react": {
      "version": "2.1.0",
      "resolved": "https://registry.npmjs.org/@sparkdesignsystem/spark-react/-/spark-react-2.1.0.tgz",
      "integrity": "sha512-fW54DCjKGA9ZZHBxXMTmurfdTtfUInzPtoGqMAtTKuQ0BsHK2h9hTXDhoQZvNtYrjCE3nO+2fPE4Y3wZapEbtg==",
      "requires": {
        "classnames": "^2.2.6",
        "focus-visible": "5.0.2",
        "lodash.assign": "^4.2.0",
        "lodash.uniqueid": "^4.0.1",
        "prop-types": "^15.6.2",
        "react-animate-height": "^2.0.20",
        "tiny-date-picker": "github:sparkdesignsystem/tiny-date-picker#v3.2.9",
        "warning": "^4.0.3"
      }
    },
    "classnames": {
      "version": "2.2.6",
      "resolved": "https://registry.npmjs.org/classnames/-/classnames-2.2.6.tgz",
      "integrity": "sha512-JR/iSQOSt+LQIWwrwEzJ9uk0xfN3mTVYMwt1Ir5mUcSN6pU+V4zQFFaJsclJbPuAUQH+yfWef6tm7l1quW3C8Q=="
    },
    "focus-visible": {
      "version": "5.0.2",
      "resolved": "https://registry.npmjs.org/focus-visible/-/focus-visible-5.0.2.tgz",
      "integrity": "sha512-zT2fj/bmOgEBjqGbURGlowTmCwsIs3bRDMr/sFZz8Ly7VkEiwuCn9swNTL3pPuf8Oua2de7CLuKdnuNajWdDsQ=="
    },
    "js-tokens": {
      "version": "4.0.0",
      "resolved": "https://registry.npmjs.org/js-tokens/-/js-tokens-4.0.0.tgz",
      "integrity": "sha512-RdJUflcE3cUzKiMqQgsCu06FPu9UdIJO0beYbPhHN4k6apgJtifcoCtT9bcxOpYBtpD2kCM6Sbzg4CausW/PKQ=="
    },
    "lodash.assign": {
      "version": "4.2.0",
      "resolved": "https://registry.npmjs.org/lodash.assign/-/lodash.assign-4.2.0.tgz",
      "integrity": "sha1-DZnzzNem0mHRm9rrkkUAXShYCOc="
    },
    "lodash.uniqueid": {
      "version": "4.0.1",
      "resolved": "https://registry.npmjs.org/lodash.uniqueid/-/lodash.uniqueid-4.0.1.tgz",
      "integrity": "sha1-MmjyanyI5PSxdY1nknGBTjH6WyY="
    },
    "loose-envify": {
      "version": "1.4.0",
      "resolved": "https://registry.npmjs.org/loose-envify/-/loose-envify-1.4.0.tgz",
      "integrity": "sha512-lyuxPGr/Wfhrlem2CL/UcnUc1zcqKAImBDzukY7Y5F/yQiNdko6+fRLevlw1HgMySw7f611UIY408EtxRSoK3Q==",
      "requires": {
        "js-tokens": "^3.0.0 || ^4.0.0"
      }
    },
    "object-assign": {
      "version": "4.1.1",
      "resolved": "https://registry.npmjs.org/object-assign/-/object-assign-4.1.1.tgz",
      "integrity": "sha1-IQmtx5ZYh8/AXLvUQsrIv7s2CGM="
    },
    "prop-types": {
      "version": "15.7.2",
      "resolved": "https://registry.npmjs.org/prop-types/-/prop-types-15.7.2.tgz",
      "integrity": "sha512-8QQikdH7//R2vurIJSutZ1smHYTcLpRWEOlHnzcWHmBYrOGUysKwSsrC89BCiFj3CbrfJ/nXFdJepOVrY1GCHQ==",
      "requires": {
        "loose-envify": "^1.4.0",
        "object-assign": "^4.1.1",
        "react-is": "^16.8.1"
      }
    },
    "react-animate-height": {
      "version": "2.0.23",
      "resolved": "https://registry.npmjs.org/react-animate-height/-/react-animate-height-2.0.23.tgz",
      "integrity": "sha512-DucSC/1QuxWEFzR9IsHMzrf2nrcZ6qAmLIFoENa2kLK7h72XybcMA9o073z7aHccFzdMEW0/fhAdnQG7a4rDow==",
      "requires": {
        "classnames": "^2.2.5",
        "prop-types": "^15.6.1"
      }
    },
    "react-is": {
      "version": "16.13.1",
      "resolved": "https://registry.npmjs.org/react-is/-/react-is-16.13.1.tgz",
      "integrity": "sha512-24e6ynE2H+OKt4kqsOvNd8kBpV65zoxbA4BVsEOB3ARVWQki/DHzaUoC5KuON/BiccDaCCTZBuOcfZs70kR8bQ=="
    },
    "tiny-date-picker": {
      "version": "github:sparkdesignsystem/tiny-date-picker#ffa5ab11ed9d05556d01fcecb705a310fd3bec37",
      "from": "github:sparkdesignsystem/tiny-date-picker#v3.2.9"
    },
    "warning": {
      "version": "4.0.3",
      "resolved": "https://registry.npmjs.org/warning/-/warning-4.0.3.tgz",
      "integrity": "sha512-rpJyN222KWIvHJ/F53XSZv0Zl/accqHR8et1kpaMTD/fLCRxtV8iX8czMzY7sVZupTI3zcUTg8eycS2kNF9l6w==",
      "requires": {
        "loose-envify": "^1.0.0"
      }
    }
  }
}
